{
  "name": "ssb-schema-definitions",
  "version": "1.1.3",
  "lockfileVersion": 1,
  "requires": true,
  "dependencies": {
    "colors": {
      "version": "0.5.1",
      "resolved": "https://registry.npmjs.org/colors/-/colors-0.5.1.tgz",
      "integrity": "sha1-fQAj6usVTo7p/Oddy5I9DtFmd3Q="
    },
    "discontinuous-range": {
      "version": "1.0.0",
      "resolved": "https://registry.npmjs.org/discontinuous-range/-/discontinuous-range-1.0.0.tgz",
      "integrity": "sha1-44Mx8IRLukm5qctxx3FYWqsbxlo="
    },
    "generate-function": {
      "version": "2.0.0",
      "resolved": "https://registry.npmjs.org/generate-function/-/generate-function-2.0.0.tgz",
      "integrity": "sha1-aFj+fAlpt9TpCTM3ZHrHn2DfvnQ="
    },
    "generate-object-property": {
      "version": "1.2.0",
      "resolved": "https://registry.npmjs.org/generate-object-property/-/generate-object-property-1.2.0.tgz",
      "integrity": "sha1-nA4cQDCM6AT0eDYYuTf6iPmdUNA=",
      "requires": {
        "is-property": "^1.0.0"
      }
    },
    "ip": {
      "version": "1.1.5",
      "resolved": "https://registry.npmjs.org/ip/-/ip-1.1.5.tgz",
      "integrity": "sha1-vd7XARQpCCjAoDnnLvJfWq7ENUo="
    },
    "is-canonical-base64": {
      "version": "1.1.1",
      "resolved": "https://registry.npmjs.org/is-canonical-base64/-/is-canonical-base64-1.1.1.tgz",
      "integrity": "sha512-o6t/DwgEapC0bsloqtegAQyZzQXaQ5+8fzsyf2KmLqupC2ifLFq/lMQiFCJeGpdSrK1o6GL+WW2lRU050lLlFg=="
    },
    "is-my-ip-valid": {
      "version": "1.0.0",
      "resolved": "https://registry.npmjs.org/is-my-ip-valid/-/is-my-ip-valid-1.0.0.tgz",
      "integrity": "sha512-gmh/eWXROncUzRnIa1Ubrt5b8ep/MGSnfAUI3aRp+sqTCs1tv1Isl8d8F6JmkN3dXKc3ehZMrtiPN9eL03NuaQ=="
    },
    "is-my-json-valid": {
      "version": "2.17.2",
      "resolved": "https://registry.npmjs.org/is-my-json-valid/-/is-my-json-valid-2.17.2.tgz",
      "integrity": "sha512-IBhBslgngMQN8DDSppmgDv7RNrlFotuuDsKcrCP3+HbFaVivIBU7u9oiiErw8sH4ynx3+gOGQ3q2otkgiSi6kg==",
      "requires": {
        "generate-function": "^2.0.0",
        "generate-object-property": "^1.1.0",
        "is-my-ip-valid": "^1.0.0",
        "jsonpointer": "^4.0.0",
        "xtend": "^4.0.0"
      }
    },
    "is-property": {
      "version": "1.0.2",
      "resolved": "https://registry.npmjs.org/is-property/-/is-property-1.0.2.tgz",
      "integrity": "sha1-V/4cTkhHTt1lsJkR8msc1Ald2oQ="
    },
    "is-valid-domain": {
      "version": "0.0.6",
      "resolved": "https://registry.npmjs.org/is-valid-domain/-/is-valid-domain-0.0.6.tgz",
      "integrity": "sha512-XXiNRcLcNKeb0LB3PzB39gJa8QiA+6nnc4NX9zNvFQcaITWU+64hfVqaVppbSd3tSVlJttW6sINkX3xLKPax7A=="
    },
    "jsonpointer": {
      "version": "4.0.1",
      "resolved": "https://registry.npmjs.org/jsonpointer/-/jsonpointer-4.0.1.tgz",
      "integrity": "sha1-T9kss04OnbPInIYi7PUfm5eMbLk="
    },
    "moo": {
      "version": "0.4.3",
      "resolved": "https://registry.npmjs.org/moo/-/moo-0.4.3.tgz",
      "integrity": "sha512-gFD2xGCl8YFgGHsqJ9NKRVdwlioeW3mI1iqfLNYQOv0+6JRwG58Zk9DIGQgyIaffSYaO1xsKnMaYzzNr1KyIAw=="
    },
    "multiserver-address": {
      "version": "1.0.1",
      "resolved": "https://registry.npmjs.org/multiserver-address/-/multiserver-address-1.0.1.tgz",
      "integrity": "sha512-IfZMAGs9onCLkYNSnNBri3JxuvhQYllMyh3W9ry86iEDcfW9uPVsHTHDsjDxQtL+dPq3byshmA+Y4LN2wLHwNw==",
      "requires": {
        "nearley": "^2.15.1"
      }
    },
    "nearley": {
      "version": "2.15.1",
      "resolved": "https://registry.npmjs.org/nearley/-/nearley-2.15.1.tgz",
      "integrity": "sha512-8IUY/rUrKz2mIynUGh8k+tul1awMKEjeHHC5G3FHvvyAW6oq4mQfNp2c0BMea+sYZJvYcrrM6GmZVIle/GRXGw==",
      "requires": {
        "moo": "^0.4.3",
        "nomnom": "~1.6.2",
        "railroad-diagrams": "^1.0.0",
        "randexp": "0.4.6",
        "semver": "^5.4.1"
      }
    },
    "nomnom": {
      "version": "1.6.2",
      "resolved": "https://registry.npmjs.org/nomnom/-/nomnom-1.6.2.tgz",
      "integrity": "sha1-hKZqJgF0QI/Ft3oY+IjszET7aXE=",
      "requires": {
        "colors": "0.5.x",
        "underscore": "~1.4.4"
      }
    },
    "railroad-diagrams": {
      "version": "1.0.0",
      "resolved": "https://registry.npmjs.org/railroad-diagrams/-/railroad-diagrams-1.0.0.tgz",
      "integrity": "sha1-635iZ1SN3t+4mcG5Dlc3RVnN234="
    },
    "randexp": {
      "version": "0.4.6",
      "resolved": "https://registry.npmjs.org/randexp/-/randexp-0.4.6.tgz",
      "integrity": "sha512-80WNmd9DA0tmZrw9qQa62GPPWfuXJknrmVmLcxvq4uZBdYqb1wYoKTmnlGUchvVWe0XiLupYkBoXVOxz3C8DYQ==",
      "requires": {
        "discontinuous-range": "1.0.0",
        "ret": "~0.1.10"
      }
    },
    "ret": {
      "version": "0.1.15",
      "resolved": "https://registry.npmjs.org/ret/-/ret-0.1.15.tgz",
      "integrity": "sha512-TTlYpa+OL+vMMNG24xSlQGEJ3B/RzEfUlLct7b5G/ytav+wPrplCpVMFuwzXbkecJrb6IYo1iFb0S9v37754mg=="
    },
    "semver": {
      "version": "5.6.0",
      "resolved": "https://registry.npmjs.org/semver/-/semver-5.6.0.tgz",
      "integrity": "sha512-RS9R6R35NYgQn++fkDWaOmqGoj4Ek9gGs+DPxNUZKuwE183xjJroKvyo1IzVFeXvUrvmALy6FWD5xrdJT25gMg=="
    },
    "ssb-ref": {
      "version": "2.13.6",
      "resolved": "https://registry.npmjs.org/ssb-ref/-/ssb-ref-2.13.6.tgz",
      "integrity": "sha512-l4mvU4PwXYTWJFhps4g9RkvPAEqJ5klR3oFBEaUqXTHfDzEq2pAn11Np2JqH0CM9JnW/AbK9H+Uzw4aofA9D8A==",
      "requires": {
        "ip": "^1.1.3",
        "is-canonical-base64": "^1.1.1",
        "is-valid-domain": "~0.0.1",
        "multiserver-address": "^1.0.1"
      }
    },
    "underscore": {
      "version": "1.4.4",
      "resolved": "https://registry.npmjs.org/underscore/-/underscore-1.4.4.tgz",
      "integrity": "sha1-YaajIBBiKvoHljvzJSA88SI51gQ="
    },
    "xtend": {
      "version": "4.0.1",
      "resolved": "https://registry.npmjs.org/xtend/-/xtend-4.0.1.tgz",
      "integrity": "sha1-pcbVMr5lbiPbgg77lDofBJmNY68="
    }
  }
}
